
Microsoft Visual Studio Solution File, Format Version 12.00
# Visual Studio Version 17
VisualStudioVersion = 17.8.34322.80
MinimumVisualStudioVersion = 10.0.40219.1
Project("{FAE04EC0-301F-11D3-BF4B-00C04F79EFBC}") = "ComicBookApi", "ComicBookApi\ComicBookApi.csproj", "{6C2C57B9-4312-4FAD-9BF3-E3C3394E8433}"
EndProject
Global
	GlobalSection(SolutionConfigurationPlatforms) = preSolution
		Debug|Any CPU = Debug|Any CPU
		Release|Any CPU = Release|Any CPU
	EndGlobalSection
	GlobalSection(ProjectConfigurationPlatforms) = postSolution
		{6C2C57B9-4312-4FAD-9BF3-E3C3394E8433}.Debug|Any CPU.ActiveCfg = Debug|Any CPU
		{6C2C57B9-4312-4FAD-9BF3-E3C3394E8433}.Debug|Any CPU.Build.0 = Debug|Any CPU
		{6C2C57B9-4312-4FAD-9BF3-E3C3394E8433}.Release|Any CPU.ActiveCfg = Release|Any CPU
		{6C2C57B9-4312-4FAD-9BF3-E3C3394E8433}.Release|Any CPU.Build.0 = Release|Any CPU
	EndGlobalSection
	GlobalSection(SolutionProperties) = preSolution
		HideSolutionNode = FALSE
	EndGlobalSection
	GlobalSection(ExtensibilityGlobals) = postSolution
		SolutionGuid = {5342B12D-7921-489D-BE83-63FC9AC922A5}
	EndGlobalSection
EndGlobal
